
Microsoft Visual Studio Solution File, Format Version 12.00
Project("{FAE04EC0-301F-11D3-BF4B-00C04F79EFBC}") = "OryxBot.Client.Linux", "OryxBot.Client.Linux\OryxBot.Client.Linux.csproj", "{CD0E5260-DC95-4A07-8FF3-613A1950FE76}"
EndProject
Project("{FAE04EC0-301F-11D3-BF4B-00C04F79EFBC}") = "OryxBot.Shared", "OryxBot.Shared\OryxBot.Shared.csproj", "{4D56C687-C96B-4EAD-B87E-F406A1E18CA0}"
EndProject
Project("{FAE04EC0-301F-11D3-BF4B-00C04F79EFBC}") = "OryxBot.Albion", "OryxBot.Albion\OryxBot.Albion.csproj", "{FE31CA59-6FA9-4FC7-A263-693A03CF72C8}"
EndProject
Project("{FAE04EC0-301F-11D3-BF4B-00C04F79EFBC}") = "ReadJava", "ReadJava\ReadJava.csproj", "{EF2E3EF6-9ACB-433C-818C-545AE657E0A6}"
EndProject
Global
	GlobalSection(SolutionConfigurationPlatforms) = preSolution
		Debug|Any CPU = Debug|Any CPU
		Release|Any CPU = Release|Any CPU
	EndGlobalSection
	GlobalSection(ProjectConfigurationPlatforms) = postSolution
		{CD0E5260-DC95-4A07-8FF3-613A1950FE76}.Debug|Any CPU.ActiveCfg = Debug|Any CPU
		{CD0E5260-DC95-4A07-8FF3-613A1950FE76}.Debug|Any CPU.Build.0 = Debug|Any CPU
		{CD0E5260-DC95-4A07-8FF3-613A1950FE76}.Release|Any CPU.ActiveCfg = Release|Any CPU
		{CD0E5260-DC95-4A07-8FF3-613A1950FE76}.Release|Any CPU.Build.0 = Release|Any CPU
		{4D56C687-C96B-4EAD-B87E-F406A1E18CA0}.Debug|Any CPU.ActiveCfg = Debug|Any CPU
		{4D56C687-C96B-4EAD-B87E-F406A1E18CA0}.Debug|Any CPU.Build.0 = Debug|Any CPU
		{4D56C687-C96B-4EAD-B87E-F406A1E18CA0}.Release|Any CPU.ActiveCfg = Release|Any CPU
		{4D56C687-C96B-4EAD-B87E-F406A1E18CA0}.Release|Any CPU.Build.0 = Release|Any CPU
		{FE31CA59-6FA9-4FC7-A263-693A03CF72C8}.Debug|Any CPU.ActiveCfg = Debug|Any CPU
		{FE31CA59-6FA9-4FC7-A263-693A03CF72C8}.Debug|Any CPU.Build.0 = Debug|Any CPU
		{FE31CA59-6FA9-4FC7-A263-693A03CF72C8}.Release|Any CPU.ActiveCfg = Release|Any CPU
		{FE31CA59-6FA9-4FC7-A263-693A03CF72C8}.Release|Any CPU.Build.0 = Release|Any CPU
		{EF2E3EF6-9ACB-433C-818C-545AE657E0A6}.Debug|Any CPU.ActiveCfg = Debug|Any CPU
		{EF2E3EF6-9ACB-433C-818C-545AE657E0A6}.Debug|Any CPU.Build.0 = Debug|Any CPU
		{EF2E3EF6-9ACB-433C-818C-545AE657E0A6}.Release|Any CPU.ActiveCfg = Release|Any CPU
		{EF2E3EF6-9ACB-433C-818C-545AE657E0A6}.Release|Any CPU.Build.0 = Release|Any CPU
	EndGlobalSection
EndGlobal
